
Microsoft Visual Studio Solution File, Format Version 12.00
# Visual Studio Version 16
VisualStudioVersion = 16.0.810.17
MinimumVisualStudioVersion = 10.0.40219.1
Project("{FAE04EC0-301F-11D3-BF4B-00C04F79EFBC}") = "TechnicalAssessmentJN", "TechnicalAssessmentJN\TechnicalAssessmentJN.csproj", "{BF5D0F74-1B64-4C41-8F23-3CEC1D2C5CE7}"
EndProject
Project("{FAE04EC0-301F-11D3-BF4B-00C04F79EFBC}") = "BracketTests", "UnitTest\BracketTests.csproj", "{5A2ADE10-71CF-4B46-8C87-43A7E3373B01}"
EndProject
Global
	GlobalSection(SolutionConfigurationPlatforms) = preSolution
		Debug|Any CPU = Debug|Any CPU
		Release|Any CPU = Release|Any CPU
	EndGlobalSection
	GlobalSection(ProjectConfigurationPlatforms) = postSolution
		{BF5D0F74-1B64-4C41-8F23-3CEC1D2C5CE7}.Debug|Any CPU.ActiveCfg = Debug|Any CPU
		{BF5D0F74-1B64-4C41-8F23-3CEC1D2C5CE7}.Debug|Any CPU.Build.0 = Debug|Any CPU
		{BF5D0F74-1B64-4C41-8F23-3CEC1D2C5CE7}.Release|Any CPU.ActiveCfg = Release|Any CPU
		{BF5D0F74-1B64-4C41-8F23-3CEC1D2C5CE7}.Release|Any CPU.Build.0 = Release|Any CPU
		{5A2ADE10-71CF-4B46-8C87-43A7E3373B01}.Debug|Any CPU.ActiveCfg = Debug|Any CPU
		{5A2ADE10-71CF-4B46-8C87-43A7E3373B01}.Debug|Any CPU.Build.0 = Debug|Any CPU
		{5A2ADE10-71CF-4B46-8C87-43A7E3373B01}.Release|Any CPU.ActiveCfg = Release|Any CPU
		{5A2ADE10-71CF-4B46-8C87-43A7E3373B01}.Release|Any CPU.Build.0 = Release|Any CPU
	EndGlobalSection
	GlobalSection(SolutionProperties) = preSolution
		HideSolutionNode = FALSE
	EndGlobalSection
	GlobalSection(ExtensibilityGlobals) = postSolution
		SolutionGuid = {E5E64967-DF2E-49BA-B471-0870E9763E5B}
	EndGlobalSection
EndGlobal
