
Microsoft Visual Studio Solution File, Format Version 12.00
# Visual Studio Version 16
VisualStudioVersion = 16.0.810.16
MinimumVisualStudioVersion = 10.0.40219.1
Project("{FAE04EC0-301F-11D3-BF4B-00C04F79EFBC}") = "WebApplicationIntro2", "WebApplicationIntro2\WebApplicationIntro2.csproj", "{8374E9B4-AE4B-4F3E-91D8-E8042AD4858F}"
EndProject
Global
	GlobalSection(SolutionConfigurationPlatforms) = preSolution
		Debug|Any CPU = Debug|Any CPU
		Release|Any CPU = Release|Any CPU
	EndGlobalSection
	GlobalSection(ProjectConfigurationPlatforms) = postSolution
		{8374E9B4-AE4B-4F3E-91D8-E8042AD4858F}.Debug|Any CPU.ActiveCfg = Debug|Any CPU
		{8374E9B4-AE4B-4F3E-91D8-E8042AD4858F}.Debug|Any CPU.Build.0 = Debug|Any CPU
		{8374E9B4-AE4B-4F3E-91D8-E8042AD4858F}.Release|Any CPU.ActiveCfg = Release|Any CPU
		{8374E9B4-AE4B-4F3E-91D8-E8042AD4858F}.Release|Any CPU.Build.0 = Release|Any CPU
	EndGlobalSection
	GlobalSection(SolutionProperties) = preSolution
		HideSolutionNode = FALSE
	EndGlobalSection
	GlobalSection(ExtensibilityGlobals) = postSolution
		SolutionGuid = {B5DAF2B8-7EC1-40FB-8D0D-017EAD8AA605}
	EndGlobalSection
EndGlobal
