
Microsoft Visual Studio Solution File, Format Version 12.00
# Visual Studio Version 16
VisualStudioVersion = 16.0.810.16
MinimumVisualStudioVersion = 10.0.40219.1
Project("{FAE04EC0-301F-11D3-BF4B-00C04F79EFBC}") = "ClassesMethodsIntermediate", "ClassesMethodsIntermediate\ClassesMethodsIntermediate.csproj", "{36ED2468-5CC6-4945-A232-D8A4351D866F}"
EndProject
Global
	GlobalSection(SolutionConfigurationPlatforms) = preSolution
		Debug|Any CPU = Debug|Any CPU
		Release|Any CPU = Release|Any CPU
	EndGlobalSection
	GlobalSection(ProjectConfigurationPlatforms) = postSolution
		{36ED2468-5CC6-4945-A232-D8A4351D866F}.Debug|Any CPU.ActiveCfg = Debug|Any CPU
		{36ED2468-5CC6-4945-A232-D8A4351D866F}.Debug|Any CPU.Build.0 = Debug|Any CPU
		{36ED2468-5CC6-4945-A232-D8A4351D866F}.Release|Any CPU.ActiveCfg = Release|Any CPU
		{36ED2468-5CC6-4945-A232-D8A4351D866F}.Release|Any CPU.Build.0 = Release|Any CPU
	EndGlobalSection
	GlobalSection(SolutionProperties) = preSolution
		HideSolutionNode = FALSE
	EndGlobalSection
	GlobalSection(ExtensibilityGlobals) = postSolution
		SolutionGuid = {BBE2579A-4581-45AE-AF45-40D6E64CA728}
	EndGlobalSection
EndGlobal
