
Microsoft Visual Studio Solution File, Format Version 12.00
# Visual Studio Version 16
VisualStudioVersion = 16.0.810.16
MinimumVisualStudioVersion = 10.0.40219.1
Project("{FAE04EC0-301F-11D3-BF4B-00C04F79EFBC}") = "ExceptionHandling", "ExceptionHandling\ExceptionHandling.csproj", "{D96CCB0A-A058-41D8-BC2C-60C80ABA1E6A}"
EndProject
Global
	GlobalSection(SolutionConfigurationPlatforms) = preSolution
		Debug|Any CPU = Debug|Any CPU
		Release|Any CPU = Release|Any CPU
	EndGlobalSection
	GlobalSection(ProjectConfigurationPlatforms) = postSolution
		{D96CCB0A-A058-41D8-BC2C-60C80ABA1E6A}.Debug|Any CPU.ActiveCfg = Debug|Any CPU
		{D96CCB0A-A058-41D8-BC2C-60C80ABA1E6A}.Debug|Any CPU.Build.0 = Debug|Any CPU
		{D96CCB0A-A058-41D8-BC2C-60C80ABA1E6A}.Release|Any CPU.ActiveCfg = Release|Any CPU
		{D96CCB0A-A058-41D8-BC2C-60C80ABA1E6A}.Release|Any CPU.Build.0 = Release|Any CPU
	EndGlobalSection
	GlobalSection(SolutionProperties) = preSolution
		HideSolutionNode = FALSE
	EndGlobalSection
	GlobalSection(ExtensibilityGlobals) = postSolution
		SolutionGuid = {C94747D4-7FE7-4100-B3C2-548E00D3B971}
	EndGlobalSection
EndGlobal
